
Microsoft Visual Studio Solution File, Format Version 12.00
Project("{FAE04EC0-301F-11D3-BF4B-00C04F79EFBC}") = "HangfireTest", "HangfireTest\HangfireTest.csproj", "{E7AE1AC4-1806-4489-B899-688D4AD08579}"
EndProject
Global
	GlobalSection(SolutionConfigurationPlatforms) = preSolution
		Debug|Any CPU = Debug|Any CPU
		Release|Any CPU = Release|Any CPU
	EndGlobalSection
	GlobalSection(ProjectConfigurationPlatforms) = postSolution
		{E7AE1AC4-1806-4489-B899-688D4AD08579}.Debug|Any CPU.ActiveCfg = Debug|Any CPU
		{E7AE1AC4-1806-4489-B899-688D4AD08579}.Debug|Any CPU.Build.0 = Debug|Any CPU
		{E7AE1AC4-1806-4489-B899-688D4AD08579}.Release|Any CPU.ActiveCfg = Release|Any CPU
		{E7AE1AC4-1806-4489-B899-688D4AD08579}.Release|Any CPU.Build.0 = Release|Any CPU
	EndGlobalSection
EndGlobal
